
Microsoft Visual Studio Solution File, Format Version 12.00
# Visual Studio Version 17
VisualStudioVersion = 17.2.32630.192
MinimumVisualStudioVersion = 10.0.40219.1
Project("{FAE04EC0-301F-11D3-BF4B-00C04F79EFBC}") = "PresentacionAdmin", "Admin\PresentacionAdmin.csproj", "{4336CDD1-9A1D-495E-8D30-83333A84095A}"
EndProject
Project("{FAE04EC0-301F-11D3-BF4B-00C04F79EFBC}") = "PresentacionTienda", "Tienda\PresentacionTienda.csproj", "{365C2092-564E-4A8A-94EE-6DD20BA605C3}"
EndProject
Project("{FAE04EC0-301F-11D3-BF4B-00C04F79EFBC}") = "CapaDatos", "CapaDatos\CapaDatos.csproj", "{CE0106DD-6FBB-4484-B427-D3AF3777E67C}"
EndProject
Project("{FAE04EC0-301F-11D3-BF4B-00C04F79EFBC}") = "CapaEntidad", "CapaEntidad\CapaEntidad.csproj", "{885AF8D2-7E39-416C-B850-815E8021D81B}"
EndProject
Project("{FAE04EC0-301F-11D3-BF4B-00C04F79EFBC}") = "CapaNegocio", "CapaNegocio\CapaNegocio.csproj", "{6C645743-FFC2-4F67-B1E4-05F035B1389A}"
EndProject
Global
	GlobalSection(SolutionConfigurationPlatforms) = preSolution
		Debug|Any CPU = Debug|Any CPU
		Release|Any CPU = Release|Any CPU
	EndGlobalSection
	GlobalSection(ProjectConfigurationPlatforms) = postSolution
		{4336CDD1-9A1D-495E-8D30-83333A84095A}.Debug|Any CPU.ActiveCfg = Debug|Any CPU
		{4336CDD1-9A1D-495E-8D30-83333A84095A}.Debug|Any CPU.Build.0 = Debug|Any CPU
		{4336CDD1-9A1D-495E-8D30-83333A84095A}.Release|Any CPU.ActiveCfg = Release|Any CPU
		{4336CDD1-9A1D-495E-8D30-83333A84095A}.Release|Any CPU.Build.0 = Release|Any CPU
		{365C2092-564E-4A8A-94EE-6DD20BA605C3}.Debug|Any CPU.ActiveCfg = Debug|Any CPU
		{365C2092-564E-4A8A-94EE-6DD20BA605C3}.Debug|Any CPU.Build.0 = Debug|Any CPU
		{365C2092-564E-4A8A-94EE-6DD20BA605C3}.Release|Any CPU.ActiveCfg = Release|Any CPU
		{365C2092-564E-4A8A-94EE-6DD20BA605C3}.Release|Any CPU.Build.0 = Release|Any CPU
		{CE0106DD-6FBB-4484-B427-D3AF3777E67C}.Debug|Any CPU.ActiveCfg = Debug|Any CPU
		{CE0106DD-6FBB-4484-B427-D3AF3777E67C}.Debug|Any CPU.Build.0 = Debug|Any CPU
		{CE0106DD-6FBB-4484-B427-D3AF3777E67C}.Release|Any CPU.ActiveCfg = Release|Any CPU
		{CE0106DD-6FBB-4484-B427-D3AF3777E67C}.Release|Any CPU.Build.0 = Release|Any CPU
		{885AF8D2-7E39-416C-B850-815E8021D81B}.Debug|Any CPU.ActiveCfg = Debug|Any CPU
		{885AF8D2-7E39-416C-B850-815E8021D81B}.Debug|Any CPU.Build.0 = Debug|Any CPU
		{885AF8D2-7E39-416C-B850-815E8021D81B}.Release|Any CPU.ActiveCfg = Release|Any CPU
		{885AF8D2-7E39-416C-B850-815E8021D81B}.Release|Any CPU.Build.0 = Release|Any CPU
		{6C645743-FFC2-4F67-B1E4-05F035B1389A}.Debug|Any CPU.ActiveCfg = Debug|Any CPU
		{6C645743-FFC2-4F67-B1E4-05F035B1389A}.Debug|Any CPU.Build.0 = Debug|Any CPU
		{6C645743-FFC2-4F67-B1E4-05F035B1389A}.Release|Any CPU.ActiveCfg = Release|Any CPU
		{6C645743-FFC2-4F67-B1E4-05F035B1389A}.Release|Any CPU.Build.0 = Release|Any CPU
	EndGlobalSection
	GlobalSection(SolutionProperties) = preSolution
		HideSolutionNode = FALSE
	EndGlobalSection
	GlobalSection(ExtensibilityGlobals) = postSolution
		SolutionGuid = {3FA11E84-CFCB-48C7-988A-6E58B5D05308}
	EndGlobalSection
EndGlobal
